
Microsoft Visual Studio Solution File, Format Version 12.00
# Visual Studio 14
VisualStudioVersion = 14.0.24720.0
MinimumVisualStudioVersion = 10.0.40219.1
Project("{FAE04EC0-301F-11D3-BF4B-00C04F79EFBC}") = "Delegate", "Delegate\Delegate.csproj", "{53C5C163-DBD4-4C25-AB23-1E605E9C4BBF}"
EndProject
Project("{FAE04EC0-301F-11D3-BF4B-00C04F79EFBC}") = "Lambda", "Lambda\Lambda.csproj", "{4F1C1FB9-4EF9-44FB-AAB1-7AA280CE3586}"
EndProject
Project("{FAE04EC0-301F-11D3-BF4B-00C04F79EFBC}") = "OverrideAndOverload", "OverrideAndOverload\OverrideAndOverload.csproj", "{A039CAB2-C1C3-4910-918F-5ED7BEF0A8C1}"
EndProject
Project("{FAE04EC0-301F-11D3-BF4B-00C04F79EFBC}") = "MethodExtension", "MethodExtension\MethodExtension.csproj", "{4431B012-2CA0-4654-B581-611A823FC56F}"
EndProject
Project("{FAE04EC0-301F-11D3-BF4B-00C04F79EFBC}") = "Threads", "Threads\Threads.csproj", "{604920C5-687A-42C3-8122-8E75AA9932F2}"
EndProject
Project("{FAE04EC0-301F-11D3-BF4B-00C04F79EFBC}") = "EF", "EF\EF.csproj", "{2E60F4CF-0F18-4000-BF95-974650401436}"
EndProject
Global
	GlobalSection(SolutionConfigurationPlatforms) = preSolution
		Debug|Any CPU = Debug|Any CPU
		Release|Any CPU = Release|Any CPU
	EndGlobalSection
	GlobalSection(ProjectConfigurationPlatforms) = postSolution
		{53C5C163-DBD4-4C25-AB23-1E605E9C4BBF}.Debug|Any CPU.ActiveCfg = Debug|Any CPU
		{53C5C163-DBD4-4C25-AB23-1E605E9C4BBF}.Debug|Any CPU.Build.0 = Debug|Any CPU
		{53C5C163-DBD4-4C25-AB23-1E605E9C4BBF}.Release|Any CPU.ActiveCfg = Release|Any CPU
		{53C5C163-DBD4-4C25-AB23-1E605E9C4BBF}.Release|Any CPU.Build.0 = Release|Any CPU
		{4F1C1FB9-4EF9-44FB-AAB1-7AA280CE3586}.Debug|Any CPU.ActiveCfg = Debug|Any CPU
		{4F1C1FB9-4EF9-44FB-AAB1-7AA280CE3586}.Debug|Any CPU.Build.0 = Debug|Any CPU
		{4F1C1FB9-4EF9-44FB-AAB1-7AA280CE3586}.Release|Any CPU.ActiveCfg = Release|Any CPU
		{4F1C1FB9-4EF9-44FB-AAB1-7AA280CE3586}.Release|Any CPU.Build.0 = Release|Any CPU
		{A039CAB2-C1C3-4910-918F-5ED7BEF0A8C1}.Debug|Any CPU.ActiveCfg = Debug|Any CPU
		{A039CAB2-C1C3-4910-918F-5ED7BEF0A8C1}.Debug|Any CPU.Build.0 = Debug|Any CPU
		{A039CAB2-C1C3-4910-918F-5ED7BEF0A8C1}.Release|Any CPU.ActiveCfg = Release|Any CPU
		{A039CAB2-C1C3-4910-918F-5ED7BEF0A8C1}.Release|Any CPU.Build.0 = Release|Any CPU
		{4431B012-2CA0-4654-B581-611A823FC56F}.Debug|Any CPU.ActiveCfg = Debug|Any CPU
		{4431B012-2CA0-4654-B581-611A823FC56F}.Debug|Any CPU.Build.0 = Debug|Any CPU
		{4431B012-2CA0-4654-B581-611A823FC56F}.Release|Any CPU.ActiveCfg = Release|Any CPU
		{4431B012-2CA0-4654-B581-611A823FC56F}.Release|Any CPU.Build.0 = Release|Any CPU
		{604920C5-687A-42C3-8122-8E75AA9932F2}.Debug|Any CPU.ActiveCfg = Debug|Any CPU
		{604920C5-687A-42C3-8122-8E75AA9932F2}.Debug|Any CPU.Build.0 = Debug|Any CPU
		{604920C5-687A-42C3-8122-8E75AA9932F2}.Release|Any CPU.ActiveCfg = Release|Any CPU
		{604920C5-687A-42C3-8122-8E75AA9932F2}.Release|Any CPU.Build.0 = Release|Any CPU
		{2E60F4CF-0F18-4000-BF95-974650401436}.Debug|Any CPU.ActiveCfg = Debug|Any CPU
		{2E60F4CF-0F18-4000-BF95-974650401436}.Debug|Any CPU.Build.0 = Debug|Any CPU
		{2E60F4CF-0F18-4000-BF95-974650401436}.Release|Any CPU.ActiveCfg = Release|Any CPU
		{2E60F4CF-0F18-4000-BF95-974650401436}.Release|Any CPU.Build.0 = Release|Any CPU
	EndGlobalSection
	GlobalSection(SolutionProperties) = preSolution
		HideSolutionNode = FALSE
	EndGlobalSection
EndGlobal
